
Microsoft Visual Studio Solution File, Format Version 12.00
# Visual Studio 15
VisualStudioVersion = 15.0.28307.572
MinimumVisualStudioVersion = 10.0.40219.1
Project("{FAE04EC0-301F-11D3-BF4B-00C04F79EFBC}") = "P4Project", "P4Project\P4Project.csproj", "{13A143C3-EDE4-446D-B348-AB2A642D5DB0}"
EndProject
Global
	GlobalSection(SolutionConfigurationPlatforms) = preSolution
		Debug|Any CPU = Debug|Any CPU
		Release|Any CPU = Release|Any CPU
	EndGlobalSection
	GlobalSection(ProjectConfigurationPlatforms) = postSolution
		{13A143C3-EDE4-446D-B348-AB2A642D5DB0}.Debug|Any CPU.ActiveCfg = Debug|Any CPU
		{13A143C3-EDE4-446D-B348-AB2A642D5DB0}.Debug|Any CPU.Build.0 = Debug|Any CPU
		{13A143C3-EDE4-446D-B348-AB2A642D5DB0}.Release|Any CPU.ActiveCfg = Release|Any CPU
		{13A143C3-EDE4-446D-B348-AB2A642D5DB0}.Release|Any CPU.Build.0 = Release|Any CPU
	EndGlobalSection
	GlobalSection(SolutionProperties) = preSolution
		HideSolutionNode = FALSE
	EndGlobalSection
	GlobalSection(ExtensibilityGlobals) = postSolution
		SolutionGuid = {77ED72B1-6D7C-412A-B4DB-1DA24BA26D55}
	EndGlobalSection
EndGlobal
